
Microsoft Visual Studio Solution File, Format Version 12.00
# Visual Studio Version 17
VisualStudioVersion = 17.9.34622.214
MinimumVisualStudioVersion = 10.0.40219.1
Project("{FAE04EC0-301F-11D3-BF4B-00C04F79EFBC}") = "desafio2", "desafio2.csproj", "{07E8B6D9-350A-4210-B933-FE6407F50F92}"
EndProject
Global
	GlobalSection(SolutionConfigurationPlatforms) = preSolution
		Debug|Any CPU = Debug|Any CPU
		Release|Any CPU = Release|Any CPU
	EndGlobalSection
	GlobalSection(ProjectConfigurationPlatforms) = postSolution
		{07E8B6D9-350A-4210-B933-FE6407F50F92}.Debug|Any CPU.ActiveCfg = Debug|Any CPU
		{07E8B6D9-350A-4210-B933-FE6407F50F92}.Debug|Any CPU.Build.0 = Debug|Any CPU
		{07E8B6D9-350A-4210-B933-FE6407F50F92}.Release|Any CPU.ActiveCfg = Release|Any CPU
		{07E8B6D9-350A-4210-B933-FE6407F50F92}.Release|Any CPU.Build.0 = Release|Any CPU
	EndGlobalSection
	GlobalSection(SolutionProperties) = preSolution
		HideSolutionNode = FALSE
	EndGlobalSection
	GlobalSection(ExtensibilityGlobals) = postSolution
		SolutionGuid = {A9E2DADF-67A9-4E14-8C9A-3EBF8E60C37D}
	EndGlobalSection
EndGlobal
